
Microsoft Visual Studio Solution File, Format Version 12.00
# Visual Studio Version 17
VisualStudioVersion = 17.5.33516.290
MinimumVisualStudioVersion = 10.0.40219.1
Project("{9A19103F-16F7-4668-BE54-9A1E7A4F7556}") = "OnlineBank", "BirdFarm\OnlineBank.csproj", "{14C71AB2-E9E6-4AEE-8BD7-32EB3F7EB2BF}"
EndProject
Global
	GlobalSection(SolutionConfigurationPlatforms) = preSolution
		Debug|Any CPU = Debug|Any CPU
		Release|Any CPU = Release|Any CPU
	EndGlobalSection
	GlobalSection(ProjectConfigurationPlatforms) = postSolution
		{14C71AB2-E9E6-4AEE-8BD7-32EB3F7EB2BF}.Debug|Any CPU.ActiveCfg = Debug|Any CPU
		{14C71AB2-E9E6-4AEE-8BD7-32EB3F7EB2BF}.Debug|Any CPU.Build.0 = Debug|Any CPU
		{14C71AB2-E9E6-4AEE-8BD7-32EB3F7EB2BF}.Release|Any CPU.ActiveCfg = Release|Any CPU
		{14C71AB2-E9E6-4AEE-8BD7-32EB3F7EB2BF}.Release|Any CPU.Build.0 = Release|Any CPU
	EndGlobalSection
	GlobalSection(SolutionProperties) = preSolution
		HideSolutionNode = FALSE
	EndGlobalSection
	GlobalSection(ExtensibilityGlobals) = postSolution
		SolutionGuid = {96BFAE24-DCCF-46A6-81D2-2BA2BCA7EFD2}
	EndGlobalSection
EndGlobal
